// !$*UTF8*$!
{
	archiveVersion = 1;
	classes = {
	};
	objectVersion = 50;
	objects = {

/* Begin PBXBuildFile section */
		9F76AD4B2493502D009C4620 /* AppDelegate.swift in Sources */ = {isa = PBXBuildFile; fileRef = 9F76AD4A2493502D009C4620 /* AppDelegate.swift */; };
		9F76AD4D2493502D009C4620 /* SceneDelegate.swift in Sources */ = {isa = PBXBuildFile; fileRef = 9F76AD4C2493502D009C4620 /* SceneDelegate.swift */; };
		9F76AD4F2493502D009C4620 /* ViewController.swift in Sources */ = {isa = PBXBuildFile; fileRef = 9F76AD4E2493502D009C4620 /* ViewController.swift */; };
		9F76AD522493502D009C4620 /* Main.storyboard in Resources */ = {isa = PBXBuildFile; fileRef = 9F76AD502493502D009C4620 /* Main.storyboard */; };
		9F76AD552493502D009C4620 /* DotaHeroes.xcdatamodeld in Sources */ = {isa = PBXBuildFile; fileRef = 9F76AD532493502D009C4620 /* DotaHeroes.xcdatamodeld */; };
		9F76AD5724935031009C4620 /* Assets.xcassets in Resources */ = {isa = PBXBuildFile; fileRef = 9F76AD5624935031009C4620 /* Assets.xcassets */; };
		9F76AD5A24935031009C4620 /* LaunchScreen.storyboard in Resources */ = {isa = PBXBuildFile; fileRef = 9F76AD5824935031009C4620 /* LaunchScreen.storyboard */; };
		9F76AD6524935032009C4620 /* DotaHeroesTests.swift in Sources */ = {isa = PBXBuildFile; fileRef = 9F76AD6424935032009C4620 /* DotaHeroesTests.swift */; };
/* End PBXBuildFile section */

/* Begin PBXContainerItemProxy section */
		9F76AD6124935031009C4620 /* PBXContainerItemProxy */ = {
			isa = PBXContainerItemProxy;
			containerPortal = 9F76AD3F2493502D009C4620 /* Project object */;
			proxyType = 1;
			remoteGlobalIDString = 9F76AD462493502D009C4620;
			remoteInfo = DotaHeroes;
		};
/* End PBXContainerItemProxy section */

/* Begin PBXFileReference section */
		9F76AD472493502D009C4620 /* DotaHeroes.app */ = {isa = PBXFileReference; explicitFileType = wrapper.application; includeInIndex = 0; path = DotaHeroes.app; sourceTree = BUILT_PRODUCTS_DIR; };
		9F76AD4A2493502D009C4620 /* AppDelegate.swift */ = {isa = PBXFileReference; lastKnownFileType = sourcecode.swift; path = AppDelegate.swift; sourceTree = "<group>"; };
		9F76AD4C2493502D009C4620 /* SceneDelegate.swift */ = {isa = PBXFileReference; lastKnownFileType = sourcecode.swift; path = SceneDelegate.swift; sourceTree = "<group>"; };
		9F76AD4E2493502D009C4620 /* ViewController.swift */ = {isa = PBXFileReference; lastKnownFileType = sourcecode.swift; path = ViewController.swift; sourceTree = "<group>"; };
		9F76AD512493502D009C4620 /* Base */ = {isa = PBXFileReference; lastKnownFileType = file.storyboard; name = Base; path = Base.lproj/Main.storyboard; sourceTree = "<group>"; };
		9F76AD542493502D009C4620 /* DotaHeroes.xcdatamodel */ = {isa = PBXFileReference; lastKnownFileType = wrapper.xcdatamodel; path = DotaHeroes.xcdatamodel; sourceTree = "<group>"; };
		9F76AD5624935031009C4620 /* Assets.xcassets */ = {isa = PBXFileReference; lastKnownFileType = folder.assetcatalog; path = Assets.xcassets; sourceTree = "<group>"; };
		9F76AD5924935031009C4620 /* Base */ = {isa = PBXFileReference; lastKnownFileType = file.storyboard; name = Base; path = Base.lproj/LaunchScreen.storyboard; sourceTree = "<group>"; };
		9F76AD5B24935031009C4620 /* Info.plist */ = {isa = PBXFileReference; lastKnownFileType = text.plist.xml; path = Info.plist; sourceTree = "<group>"; };
		9F76AD6024935031009C4620 /* DotaHeroesTests.xctest */ = {isa = PBXFileReference; explicitFileType = wrapper.cfbundle; includeInIndex = 0; path = DotaHeroesTests.xctest; sourceTree = BUILT_PRODUCTS_DIR; };
		9F76AD6424935032009C4620 /* DotaHeroesTests.swift */ = {isa = PBXFileReference; lastKnownFileType = sourcecode.swift; path = DotaHeroesTests.swift; sourceTree = "<group>"; };
		9F76AD6624935032009C4620 /* Info.plist */ = {isa = PBXFileReference; lastKnownFileType = text.plist.xml; path = Info.plist; sourceTree = "<group>"; };
/* End PBXFileReference section */

/* Begin PBXFrameworksBuildPhase section */
		9F76AD442493502D009C4620 /* Frameworks */ = {
			isa = PBXFrameworksBuildPhase;
			buildActionMask = 2147483647;
			files = (
			);
			runOnlyForDeploymentPostprocessing = 0;
		};
		9F76AD5D24935031009C4620 /* Frameworks */ = {
			isa = PBXFrameworksBuildPhase;
			buildActionMask = 2147483647;
			files = (
			);
			runOnlyForDeploymentPostprocessing = 0;
		};
/* End PBXFrameworksBuildPhase section */

/* Begin PBXGroup section */
		9F76AD3E2493502D009C4620 = {
			isa = PBXGroup;
			children = (
				9F76AD492493502D009C4620 /* DotaHeroes */,
				9F76AD6324935032009C4620 /* DotaHeroesTests */,
				9F76AD482493502D009C4620 /* Products */,
			);
			sourceTree = "<group>";
		};
		9F76AD482493502D009C4620 /* Products */ = {
			isa = PBXGroup;
			children = (
				9F76AD472493502D009C4620 /* DotaHeroes.app */,
				9F76AD6024935031009C4620 /* DotaHeroesTests.xctest */,
			);
			name = Products;
			sourceTree = "<group>";
		};
		9F76AD492493502D009C4620 /* DotaHeroes */ = {
			isa = PBXGroup;
			children = (
				9F76AD4A2493502D009C4620 /* AppDelegate.swift */,
				9F76AD4C2493502D009C4620 /* SceneDelegate.swift */,
				9F76AD4E2493502D009C4620 /* ViewController.swift */,
				9F76AD502493502D009C4620 /* Main.storyboard */,
				9F76AD5624935031009C4620 /* Assets.xcassets */,
				9F76AD5824935031009C4620 /* LaunchScreen.storyboard */,
				9F76AD5B24935031009C4620 /* Info.plist */,
				9F76AD532493502D009C4620 /* DotaHeroes.xcdatamodeld */,
			);
			path = DotaHeroes;
			sourceTree = "<group>";
		};
		9F76AD6324935032009C4620 /* DotaHeroesTests */ = {
			isa = PBXGroup;
			children = (
				9F76AD6424935032009C4620 /* DotaHeroesTests.swift */,
				9F76AD6624935032009C4620 /* Info.plist */,
			);
			path = DotaHeroesTests;
			sourceTree = "<group>";
		};
/* End PBXGroup section */

/* Begin PBXNativeTarget section */
		9F76AD462493502D009C4620 /* DotaHeroes */ = {
			isa = PBXNativeTarget;
			buildConfigurationList = 9F76AD6924935032009C4620 /* Build configuration list for PBXNativeTarget "DotaHeroes" */;
			buildPhases = (
				9F76AD432493502D009C4620 /* Sources */,
				9F76AD442493502D009C4620 /* Frameworks */,
				9F76AD452493502D009C4620 /* Resources */,
			);
			buildRules = (
			);
			dependencies = (
			);
			name = DotaHeroes;
			productName = DotaHeroes;
			productReference = 9F76AD472493502D009C4620 /* DotaHeroes.app */;
			productType = "com.apple.product-type.application";
		};
		9F76AD5F24935031009C4620 /* DotaHeroesTests */ = {
			isa = PBXNativeTarget;
			buildConfigurationList = 9F76AD6C24935032009C4620 /* Build configuration list for PBXNativeTarget "DotaHeroesTests" */;
			buildPhases = (
				9F76AD5C24935031009C4620 /* Sources */,
				9F76AD5D24935031009C4620 /* Frameworks */,
				9F76AD5E24935031009C4620 /* Resources */,
			);
			buildRules = (
			);
			dependencies = (
				9F76AD6224935031009C4620 /* PBXTargetDependency */,
			);
			name = DotaHeroesTests;
			productName = DotaHeroesTests;
			productReference = 9F76AD6024935031009C4620 /* DotaHeroesTests.xctest */;
			productType = "com.apple.product-type.bundle.unit-test";
		};
/* End PBXNativeTarget section */

/* Begin PBXProject section */
		9F76AD3F2493502D009C4620 /* Project object */ = {
			isa = PBXProject;
			attributes = {
				LastSwiftUpdateCheck = 1130;
				LastUpgradeCheck = 1130;
				ORGANIZATIONNAME = "Benedict Lukas";
				TargetAttributes = {
					9F76AD462493502D009C4620 = {
						CreatedOnToolsVersion = 11.3;
					};
					9F76AD5F24935031009C4620 = {
						CreatedOnToolsVersion = 11.3;
						TestTargetID = 9F76AD462493502D009C4620;
					};
				};
			};
			buildConfigurationList = 9F76AD422493502D009C4620 /* Build configuration list for PBXProject "DotaHeroes" */;
			compatibilityVersion = "Xcode 9.3";
			developmentRegion = en;
			hasScannedForEncodings = 0;
			knownRegions = (
				en,
				Base,
			);
			mainGroup = 9F76AD3E2493502D009C4620;
			productRefGroup = 9F76AD482493502D009C4620 /* Products */;
			projectDirPath = "";
			projectRoot = "";
			targets = (
				9F76AD462493502D009C4620 /* DotaHeroes */,
				9F76AD5F24935031009C4620 /* DotaHeroesTests */,
			);
		};
/* End PBXProject section */

/* Begin PBXResourcesBuildPhase section */
		9F76AD452493502D009C4620 /* Resources */ = {
			isa = PBXResourcesBuildPhase;
			buildActionMask = 2147483647;
			files = (
				9F76AD5A24935031009C4620 /* LaunchScreen.storyboard in Resources */,
				9F76AD5724935031009C4620 /* Assets.xcassets in Resources */,
				9F76AD522493502D009C4620 /* Main.storyboard in Resources */,
			);
			runOnlyForDeploymentPostprocessing = 0;
		};
		9F76AD5E24935031009C4620 /* Resources */ = {
			isa = PBXResourcesBuildPhase;
			buildActionMask = 2147483647;
			files = (
			);
			runOnlyForDeploymentPostprocessing = 0;
		};
/* End PBXResourcesBuildPhase section */

/* Begin PBXSourcesBuildPhase section */
		9F76AD432493502D009C4620 /* Sources */ = {
			isa = PBXSourcesBuildPhase;
			buildActionMask = 2147483647;
			files = (
				9F76AD4F2493502D009C4620 /* ViewController.swift in Sources */,
				9F76AD552493502D009C4620 /* DotaHeroes.xcdatamodeld in Sources */,
				9F76AD4B2493502D009C4620 /* AppDelegate.swift in Sources */,
				9F76AD4D2493502D009C4620 /* SceneDelegate.swift in Sources */,
			);
			runOnlyForDeploymentPostprocessing = 0;
		};
		9F76AD5C24935031009C4620 /* Sources */ = {
			isa = PBXSourcesBuildPhase;
			buildActionMask = 2147483647;
			files = (
				9F76AD6524935032009C4620 /* DotaHeroesTests.swift in Sources */,
			);
			runOnlyForDeploymentPostprocessing = 0;
		};
/* End PBXSourcesBuildPhase section */

/* Begin PBXTargetDependency section */
		9F76AD6224935031009C4620 /* PBXTargetDependency */ = {
			isa = PBXTargetDependency;
			target = 9F76AD462493502D009C4620 /* DotaHeroes */;
			targetProxy = 9F76AD6124935031009C4620 /* PBXContainerItemProxy */;
		};
/* End PBXTargetDependency section */

/* Begin PBXVariantGroup section */
		9F76AD502493502D009C4620 /* Main.storyboard */ = {
			isa = PBXVariantGroup;
			children = (
				9F76AD512493502D009C4620 /* Base */,
			);
			name = Main.storyboard;
			sourceTree = "<group>";
		};
		9F76AD5824935031009C4620 /* LaunchScreen.storyboard */ = {
			isa = PBXVariantGroup;
			children = (
				9F76AD5924935031009C4620 /* Base */,
			);
			name = LaunchScreen.storyboard;
			sourceTree = "<group>";
		};
/* End PBXVariantGroup section */

/* Begin XCBuildConfiguration section */
		9F76AD6724935032009C4620 /* Debug */ = {
			isa = XCBuildConfiguration;
			buildSettings = {
				ALWAYS_SEARCH_USER_PATHS = NO;
				CLANG_ANALYZER_NONNULL = YES;
				CLANG_ANALYZER_NUMBER_OBJECT_CONVERSION = YES_AGGRESSIVE;
				CLANG_CXX_LANGUAGE_STANDARD = "gnu++14";
				CLANG_CXX_LIBRARY = "libc++";
				CLANG_ENABLE_MODULES = YES;
				CLANG_ENABLE_OBJC_ARC = YES;
				CLANG_ENABLE_OBJC_WEAK = YES;
				CLANG_WARN_BLOCK_CAPTURE_AUTORELEASING = YES;
				CLANG_WARN_BOOL_CONVERSION = YES;
				CLANG_WARN_COMMA = YES;
				CLANG_WARN_CONSTANT_CONVERSION = YES;
				CLANG_WARN_DEPRECATED_OBJC_IMPLEMENTATIONS = YES;
				CLANG_WARN_DIRECT_OBJC_ISA_USAGE = YES_ERROR;
				CLANG_WARN_DOCUMENTATION_COMMENTS = YES;
				CLANG_WARN_EMPTY_BODY = YES;
				CLANG_WARN_ENUM_CONVERSION = YES;
				CLANG_WARN_INFINITE_RECURSION = YES;
				CLANG_WARN_INT_CONVERSION = YES;
				CLANG_WARN_NON_LITERAL_NULL_CONVERSION = YES;
				CLANG_WARN_OBJC_IMPLICIT_RETAIN_SELF = YES;
				CLANG_WARN_OBJC_LITERAL_CONVERSION = YES;
				CLANG_WARN_OBJC_ROOT_CLASS = YES_ERROR;
				CLANG_WARN_RANGE_LOOP_ANALYSIS = YES;
				CLANG_WARN_STRICT_PROTOTYPES = YES;
				CLANG_WARN_SUSPICIOUS_MOVE = YES;
				CLANG_WARN_UNGUARDED_AVAILABILITY = YES_AGGRESSIVE;
				CLANG_WARN_UNREACHABLE_CODE = YES;
				CLANG_WARN__DUPLICATE_METHOD_MATCH = YES;
				COPY_PHASE_STRIP = NO;
				DEBUG_INFORMATION_FORMAT = dwarf;
				ENABLE_STRICT_OBJC_MSGSEND = YES;
				ENABLE_TESTABILITY = YES;
				GCC_C_LANGUAGE_STANDARD = gnu11;
				GCC_DYNAMIC_NO_PIC = NO;
				GCC_NO_COMMON_BLOCKS = YES;
				GCC_OPTIMIZATION_LEVEL = 0;
				GCC_PREPROCESSOR_DEFINITIONS = (
					"DEBUG=1",
					"$(inherited)",
				);
				GCC_WARN_64_TO_32_BIT_CONVERSION = YES;
				GCC_WARN_ABOUT_RETURN_TYPE = YES_ERROR;
				GCC_WARN_UNDECLARED_SELECTOR = YES;
				GCC_WARN_UNINITIALIZED_AUTOS = YES_AGGRESSIVE;
				GCC_WARN_UNUSED_FUNCTION = YES;
				GCC_WARN_UNUSED_VARIABLE = YES;
				IPHONEOS_DEPLOYMENT_TARGET = 13.2;
				MTL_ENABLE_DEBUG_INFO = INCLUDE_SOURCE;
				MTL_FAST_MATH = YES;
				ONLY_ACTIVE_ARCH = YES;
				SDKROOT = iphoneos;
				SWIFT_ACTIVE_COMPILATION_CONDITIONS = DEBUG;
				SWIFT_OPTIMIZATION_LEVEL = "-Onone";
			};
			name = Debug;
		};
		9F76AD6824935032009C4620 /* Release */ = {
			isa = XCBuildConfiguration;
			buildSettings = {
				ALWAYS_SEARCH_USER_PATHS = NO;
				CLANG_ANALYZER_NONNULL = YES;
				CLANG_ANALYZER_NUMBER_OBJECT_CONVERSION = YES_AGGRESSIVE;
				CLANG_CXX_LANGUAGE_STANDARD = "gnu++14";
				CLANG_CXX_LIBRARY = "libc++";
				CLANG_ENABLE_MODULES = YES;
				CLANG_ENABLE_OBJC_ARC = YES;
				CLANG_ENABLE_OBJC_WEAK = YES;
				CLANG_WARN_BLOCK_CAPTURE_AUTORELEASING = YES;
				CLANG_WARN_BOOL_CONVERSION = YES;
				CLANG_WARN_COMMA = YES;
				CLANG_WARN_CONSTANT_CONVERSION = YES;
				CLANG_WARN_DEPRECATED_OBJC_IMPLEMENTATIONS = YES;
				CLANG_WARN_DIRECT_OBJC_ISA_USAGE = YES_ERROR;
				CLANG_WARN_DOCUMENTATION_COMMENTS = YES;
				CLANG_WARN_EMPTY_BODY = YES;
				CLANG_WARN_ENUM_CONVERSION = YES;
				CLANG_WARN_INFINITE_RECURSION = YES;
				CLANG_WARN_INT_CONVERSION = YES;
				CLANG_WARN_NON_LITERAL_NULL_CONVERSION = YES;
				CLANG_WARN_OBJC_IMPLICIT_RETAIN_SELF = YES;
				CLANG_WARN_OBJC_LITERAL_CONVERSION = YES;
				CLANG_WARN_OBJC_ROOT_CLASS = YES_ERROR;
				CLANG_WARN_RANGE_LOOP_ANALYSIS = YES;
				CLANG_WARN_STRICT_PROTOTYPES = YES;
				CLANG_WARN_SUSPICIOUS_MOVE = YES;
				CLANG_WARN_UNGUARDED_AVAILABILITY = YES_AGGRESSIVE;
				CLANG_WARN_UNREACHABLE_CODE = YES;
				CLANG_WARN__DUPLICATE_METHOD_MATCH = YES;
				COPY_PHASE_STRIP = NO;
				DEBUG_INFORMATION_FORMAT = "dwarf-with-dsym";
				ENABLE_NS_ASSERTIONS = NO;
				ENABLE_STRICT_OBJC_MSGSEND = YES;
				GCC_C_LANGUAGE_STANDARD = gnu11;
				GCC_NO_COMMON_BLOCKS = YES;
				GCC_WARN_64_TO_32_BIT_CONVERSION = YES;
				GCC_WARN_ABOUT_RETURN_TYPE = YES_ERROR;
				GCC_WARN_UNDECLARED_SELECTOR = YES;
				GCC_WARN_UNINITIALIZED_AUTOS = YES_AGGRESSIVE;
				GCC_WARN_UNUSED_FUNCTION = YES;
				GCC_WARN_UNUSED_VARIABLE = YES;
				IPHONEOS_DEPLOYMENT_TARGET = 13.2;
				MTL_ENABLE_DEBUG_INFO = NO;
				MTL_FAST_MATH = YES;
				SDKROOT = iphoneos;
				SWIFT_COMPILATION_MODE = wholemodule;
				SWIFT_OPTIMIZATION_LEVEL = "-O";
				VALIDATE_PRODUCT = YES;
			};
			name = Release;
		};
		9F76AD6A24935032009C4620 /* Debug */ = {
			isa = XCBuildConfiguration;
			buildSettings = {
				ASSETCATALOG_COMPILER_APPICON_NAME = AppIcon;
				CODE_SIGN_STYLE = Automatic;
				DEVELOPMENT_TEAM = VP8557FQ4V;
				INFOPLIST_FILE = DotaHeroes/Info.plist;
				LD_RUNPATH_SEARCH_PATHS = (
					"$(inherited)",
					"@executable_path/Frameworks",
				);
				PRODUCT_BUNDLE_IDENTIFIER = com.dotalist.DotaHeroes;
				PRODUCT_NAME = "$(TARGET_NAME)";
				SWIFT_VERSION = 5.0;
				TARGETED_DEVICE_FAMILY = "1,2";
			};
			name = Debug;
		};
		9F76AD6B24935032009C4620 /* Release */ = {
			isa = XCBuildConfiguration;
			buildSettings = {
				ASSETCATALOG_COMPILER_APPICON_NAME = AppIcon;
				CODE_SIGN_STYLE = Automatic;
				DEVELOPMENT_TEAM = VP8557FQ4V;
				INFOPLIST_FILE = DotaHeroes/Info.plist;
				LD_RUNPATH_SEARCH_PATHS = (
					"$(inherited)",
					"@executable_path/Frameworks",
				);
				PRODUCT_BUNDLE_IDENTIFIER = com.dotalist.DotaHeroes;
				PRODUCT_NAME = "$(TARGET_NAME)";
				SWIFT_VERSION = 5.0;
				TARGETED_DEVICE_FAMILY = "1,2";
			};
			name = Release;
		};
		9F76AD6D24935032009C4620 /* Debug */ = {
			isa = XCBuildConfiguration;
			buildSettings = {
				ALWAYS_EMBED_SWIFT_STANDARD_LIBRARIES = YES;
				BUNDLE_LOADER = "$(TEST_HOST)";
				CODE_SIGN_STYLE = Automatic;
				DEVELOPMENT_TEAM = VP8557FQ4V;
				INFOPLIST_FILE = DotaHeroesTests/Info.plist;
				IPHONEOS_DEPLOYMENT_TARGET = 13.2;
				LD_RUNPATH_SEARCH_PATHS = (
					"$(inherited)",
					"@executable_path/Frameworks",
					"@loader_path/Frameworks",
				);
				PRODUCT_BUNDLE_IDENTIFIER = com.dotalist.DotaHeroesTests;
				PRODUCT_NAME = "$(TARGET_NAME)";
				SWIFT_VERSION = 5.0;
				TARGETED_DEVICE_FAMILY = "1,2";
				TEST_HOST = "$(BUILT_PRODUCTS_DIR)/DotaHeroes.app/DotaHeroes";
			};
			name = Debug;
		};
		9F76AD6E24935032009C4620 /* Release */ = {
			isa = XCBuildConfiguration;
			buildSettings = {
				ALWAYS_EMBED_SWIFT_STANDARD_LIBRARIES = YES;
				BUNDLE_LOADER = "$(TEST_HOST)";
				CODE_SIGN_STYLE = Automatic;
				DEVELOPMENT_TEAM = VP8557FQ4V;
				INFOPLIST_FILE = DotaHeroesTests/Info.plist;
				IPHONEOS_DEPLOYMENT_TARGET = 13.2;
				LD_RUNPATH_SEARCH_PATHS = (
					"$(inherited)",
					"@executable_path/Frameworks",
					"@loader_path/Frameworks",
				);
				PRODUCT_BUNDLE_IDENTIFIER = com.dotalist.DotaHeroesTests;
				PRODUCT_NAME = "$(TARGET_NAME)";
				SWIFT_VERSION = 5.0;
				TARGETED_DEVICE_FAMILY = "1,2";
				TEST_HOST = "$(BUILT_PRODUCTS_DIR)/DotaHeroes.app/DotaHeroes";
			};
			name = Release;
		};
/* End XCBuildConfiguration section */

/* Begin XCConfigurationList section */
		9F76AD422493502D009C4620 /* Build configuration list for PBXProject "DotaHeroes" */ = {
			isa = XCConfigurationList;
			buildConfigurations = (
				9F76AD6724935032009C4620 /* Debug */,
				9F76AD6824935032009C4620 /* Release */,
			);
			defaultConfigurationIsVisible = 0;
			defaultConfigurationName = Release;
		};
		9F76AD6924935032009C4620 /* Build configuration list for PBXNativeTarget "DotaHeroes" */ = {
			isa = XCConfigurationList;
			buildConfigurations = (
				9F76AD6A24935032009C4620 /* Debug */,
				9F76AD6B24935032009C4620 /* Release */,
			);
			defaultConfigurationIsVisible = 0;
			defaultConfigurationName = Release;
		};
		9F76AD6C24935032009C4620 /* Build configuration list for PBXNativeTarget "DotaHeroesTests" */ = {
			isa = XCConfigurationList;
			buildConfigurations = (
				9F76AD6D24935032009C4620 /* Debug */,
				9F76AD6E24935032009C4620 /* Release */,
			);
			defaultConfigurationIsVisible = 0;
			defaultConfigurationName = Release;
		};
/* End XCConfigurationList section */

/* Begin XCVersionGroup section */
		9F76AD532493502D009C4620 /* DotaHeroes.xcdatamodeld */ = {
			isa = XCVersionGroup;
			children = (
				9F76AD542493502D009C4620 /* DotaHeroes.xcdatamodel */,
			);
			currentVersion = 9F76AD542493502D009C4620 /* DotaHeroes.xcdatamodel */;
			path = DotaHeroes.xcdatamodeld;
			sourceTree = "<group>";
			versionGroupType = wrapper.xcdatamodel;
		};
/* End XCVersionGroup section */
	};
	rootObject = 9F76AD3F2493502D009C4620 /* Project object */;
}
