// !$*UTF8*$!
{
	archiveVersion = 1;
	classes = {
	};
	objectVersion = 51;
	objects = {

/* Begin PBXBuildFile section */
		79904F12632063F35B7C464A /* Pods_DotaHeroes.framework in Frameworks */ = {isa = PBXBuildFile; fileRef = B9A7337847739BF1A8D7CD6A /* Pods_DotaHeroes.framework */; };
		9F628B692494B7EB00590A21 /* Wireframe.swift in Sources */ = {isa = PBXBuildFile; fileRef = 9F628B682494B7EB00590A21 /* Wireframe.swift */; };
		9F76AD4B2493502D009C4620 /* AppDelegate.swift in Sources */ = {isa = PBXBuildFile; fileRef = 9F76AD4A2493502D009C4620 /* AppDelegate.swift */; };
		9F76AD552493502D009C4620 /* DotaHeroes.xcdatamodeld in Sources */ = {isa = PBXBuildFile; fileRef = 9F76AD532493502D009C4620 /* DotaHeroes.xcdatamodeld */; };
		9F76AD5724935031009C4620 /* Assets.xcassets in Resources */ = {isa = PBXBuildFile; fileRef = 9F76AD5624935031009C4620 /* Assets.xcassets */; };
		9F76AD5A24935031009C4620 /* LaunchScreen.storyboard in Resources */ = {isa = PBXBuildFile; fileRef = 9F76AD5824935031009C4620 /* LaunchScreen.storyboard */; };
		9F76AD7A249358A2009C4620 /* MainViewController.swift in Sources */ = {isa = PBXBuildFile; fileRef = 9F76AD78249358A2009C4620 /* MainViewController.swift */; };
		9F76AD7B249358A2009C4620 /* MainViewController.xib in Resources */ = {isa = PBXBuildFile; fileRef = 9F76AD79249358A2009C4620 /* MainViewController.xib */; };
		9F76AD7D249358AC009C4620 /* MainView.swift in Sources */ = {isa = PBXBuildFile; fileRef = 9F76AD7C249358AC009C4620 /* MainView.swift */; };
		9F76AD7F249358BC009C4620 /* MainInteractorIO.swift in Sources */ = {isa = PBXBuildFile; fileRef = 9F76AD7E249358BC009C4620 /* MainInteractorIO.swift */; };
		9F76AD81249358C3009C4620 /* MainInteractor.swift in Sources */ = {isa = PBXBuildFile; fileRef = 9F76AD80249358C3009C4620 /* MainInteractor.swift */; };
		9F76AD83249358D5009C4620 /* MainEventHandler.swift in Sources */ = {isa = PBXBuildFile; fileRef = 9F76AD82249358D5009C4620 /* MainEventHandler.swift */; };
		9F76AD85249358DE009C4620 /* MainPresenter.swift in Sources */ = {isa = PBXBuildFile; fileRef = 9F76AD84249358DE009C4620 /* MainPresenter.swift */; };
		9F76AD87249358E8009C4620 /* MainWireframe.swift in Sources */ = {isa = PBXBuildFile; fileRef = 9F76AD86249358E8009C4620 /* MainWireframe.swift */; };
		9F76AD8B2493677D009C4620 /* DatabaseManager.swift in Sources */ = {isa = PBXBuildFile; fileRef = 9F76AD8A2493677D009C4620 /* DatabaseManager.swift */; };
		9F76AD8E2493682F009C4620 /* Entity.swift in Sources */ = {isa = PBXBuildFile; fileRef = 9F76AD8D2493682F009C4620 /* Entity.swift */; };
		9F76AD93249368C2009C4620 /* Heroes.json in Resources */ = {isa = PBXBuildFile; fileRef = 9F76AD92249368C2009C4620 /* Heroes.json */; };
		9F76AD9724936A9C009C4620 /* MockPersistentContainer.swift in Sources */ = {isa = PBXBuildFile; fileRef = 9F76AD9624936A9B009C4620 /* MockPersistentContainer.swift */; };
		9F76AD9924936B21009C4620 /* DatabaseTest.swift in Sources */ = {isa = PBXBuildFile; fileRef = 9F76AD9824936B21009C4620 /* DatabaseTest.swift */; };
		9F76AD9F24936D5D009C4620 /* HeroesData.swift in Sources */ = {isa = PBXBuildFile; fileRef = 9F76AD9E24936D5D009C4620 /* HeroesData.swift */; };
		9FAAB63F249494E50045BF41 /* ServiceManager.swift in Sources */ = {isa = PBXBuildFile; fileRef = 9FAAB63E249494E50045BF41 /* ServiceManager.swift */; };
		9FAAB6422494999C0045BF41 /* HeroesService.swift in Sources */ = {isa = PBXBuildFile; fileRef = 9FAAB6412494999C0045BF41 /* HeroesService.swift */; };
		9FAAB64424949AC40045BF41 /* ConstantsManager.swift in Sources */ = {isa = PBXBuildFile; fileRef = 9FAAB64324949AC40045BF41 /* ConstantsManager.swift */; };
		9FAAB64924949D6D0045BF41 /* MockHeroesService.swift in Sources */ = {isa = PBXBuildFile; fileRef = 9FAAB64824949D6D0045BF41 /* MockHeroesService.swift */; };
		9FAAB64E2494A5620045BF41 /* MockMainOutput.swift in Sources */ = {isa = PBXBuildFile; fileRef = 9FAAB64D2494A5620045BF41 /* MockMainOutput.swift */; };
		9FAAB6522494A5D30045BF41 /* MainInteractorTest.swift in Sources */ = {isa = PBXBuildFile; fileRef = 9FAAB6512494A5D30045BF41 /* MainInteractorTest.swift */; };
		9FD27CD32493BE8A005CEB9B /* RolesData.swift in Sources */ = {isa = PBXBuildFile; fileRef = 9FD27CD22493BE8A005CEB9B /* RolesData.swift */; };
		E5B6D71D5E358B5AC540DDBD /* Pods_DotaHeroesTests.framework in Frameworks */ = {isa = PBXBuildFile; fileRef = B25BBF52A19A0B89B19A1933 /* Pods_DotaHeroesTests.framework */; };
/* End PBXBuildFile section */

/* Begin PBXContainerItemProxy section */
		9F76AD6124935031009C4620 /* PBXContainerItemProxy */ = {
			isa = PBXContainerItemProxy;
			containerPortal = 9F76AD3F2493502D009C4620 /* Project object */;
			proxyType = 1;
			remoteGlobalIDString = 9F76AD462493502D009C4620;
			remoteInfo = DotaHeroes;
		};
/* End PBXContainerItemProxy section */

/* Begin PBXFileReference section */
		9975A6834D77E0AC7BDBAF36 /* Pods-DotaHeroesTests.release.xcconfig */ = {isa = PBXFileReference; includeInIndex = 1; lastKnownFileType = text.xcconfig; name = "Pods-DotaHeroesTests.release.xcconfig"; path = "Target Support Files/Pods-DotaHeroesTests/Pods-DotaHeroesTests.release.xcconfig"; sourceTree = "<group>"; };
		9F628B682494B7EB00590A21 /* Wireframe.swift */ = {isa = PBXFileReference; lastKnownFileType = sourcecode.swift; path = Wireframe.swift; sourceTree = "<group>"; };
		9F76AD472493502D009C4620 /* DotaHeroes.app */ = {isa = PBXFileReference; explicitFileType = wrapper.application; includeInIndex = 0; path = DotaHeroes.app; sourceTree = BUILT_PRODUCTS_DIR; };
		9F76AD4A2493502D009C4620 /* AppDelegate.swift */ = {isa = PBXFileReference; lastKnownFileType = sourcecode.swift; path = AppDelegate.swift; sourceTree = "<group>"; };
		9F76AD542493502D009C4620 /* DotaHeroes.xcdatamodel */ = {isa = PBXFileReference; lastKnownFileType = wrapper.xcdatamodel; path = DotaHeroes.xcdatamodel; sourceTree = "<group>"; };
		9F76AD5624935031009C4620 /* Assets.xcassets */ = {isa = PBXFileReference; lastKnownFileType = folder.assetcatalog; path = Assets.xcassets; sourceTree = "<group>"; };
		9F76AD5924935031009C4620 /* Base */ = {isa = PBXFileReference; lastKnownFileType = file.storyboard; name = Base; path = Base.lproj/LaunchScreen.storyboard; sourceTree = "<group>"; };
		9F76AD5B24935031009C4620 /* Info.plist */ = {isa = PBXFileReference; lastKnownFileType = text.plist.xml; path = Info.plist; sourceTree = "<group>"; };
		9F76AD6024935031009C4620 /* DotaHeroesTests.xctest */ = {isa = PBXFileReference; explicitFileType = wrapper.cfbundle; includeInIndex = 0; path = DotaHeroesTests.xctest; sourceTree = BUILT_PRODUCTS_DIR; };
		9F76AD6624935032009C4620 /* Info.plist */ = {isa = PBXFileReference; lastKnownFileType = text.plist.xml; path = Info.plist; sourceTree = "<group>"; };
		9F76AD78249358A2009C4620 /* MainViewController.swift */ = {isa = PBXFileReference; lastKnownFileType = sourcecode.swift; path = MainViewController.swift; sourceTree = "<group>"; };
		9F76AD79249358A2009C4620 /* MainViewController.xib */ = {isa = PBXFileReference; lastKnownFileType = file.xib; path = MainViewController.xib; sourceTree = "<group>"; };
		9F76AD7C249358AC009C4620 /* MainView.swift */ = {isa = PBXFileReference; lastKnownFileType = sourcecode.swift; path = MainView.swift; sourceTree = "<group>"; };
		9F76AD7E249358BC009C4620 /* MainInteractorIO.swift */ = {isa = PBXFileReference; lastKnownFileType = sourcecode.swift; path = MainInteractorIO.swift; sourceTree = "<group>"; };
		9F76AD80249358C3009C4620 /* MainInteractor.swift */ = {isa = PBXFileReference; lastKnownFileType = sourcecode.swift; path = MainInteractor.swift; sourceTree = "<group>"; };
		9F76AD82249358D5009C4620 /* MainEventHandler.swift */ = {isa = PBXFileReference; lastKnownFileType = sourcecode.swift; path = MainEventHandler.swift; sourceTree = "<group>"; };
		9F76AD84249358DE009C4620 /* MainPresenter.swift */ = {isa = PBXFileReference; lastKnownFileType = sourcecode.swift; path = MainPresenter.swift; sourceTree = "<group>"; };
		9F76AD86249358E8009C4620 /* MainWireframe.swift */ = {isa = PBXFileReference; lastKnownFileType = sourcecode.swift; path = MainWireframe.swift; sourceTree = "<group>"; };
		9F76AD8A2493677D009C4620 /* DatabaseManager.swift */ = {isa = PBXFileReference; lastKnownFileType = sourcecode.swift; path = DatabaseManager.swift; sourceTree = "<group>"; };
		9F76AD8D2493682F009C4620 /* Entity.swift */ = {isa = PBXFileReference; lastKnownFileType = sourcecode.swift; path = Entity.swift; sourceTree = "<group>"; };
		9F76AD92249368C2009C4620 /* Heroes.json */ = {isa = PBXFileReference; lastKnownFileType = text.json; path = Heroes.json; sourceTree = "<group>"; };
		9F76AD9624936A9B009C4620 /* MockPersistentContainer.swift */ = {isa = PBXFileReference; lastKnownFileType = sourcecode.swift; path = MockPersistentContainer.swift; sourceTree = "<group>"; };
		9F76AD9824936B21009C4620 /* DatabaseTest.swift */ = {isa = PBXFileReference; lastKnownFileType = sourcecode.swift; path = DatabaseTest.swift; sourceTree = "<group>"; };
		9F76AD9E24936D5D009C4620 /* HeroesData.swift */ = {isa = PBXFileReference; lastKnownFileType = sourcecode.swift; path = HeroesData.swift; sourceTree = "<group>"; };
		9FAAB63E249494E50045BF41 /* ServiceManager.swift */ = {isa = PBXFileReference; lastKnownFileType = sourcecode.swift; path = ServiceManager.swift; sourceTree = "<group>"; };
		9FAAB6412494999C0045BF41 /* HeroesService.swift */ = {isa = PBXFileReference; lastKnownFileType = sourcecode.swift; path = HeroesService.swift; sourceTree = "<group>"; };
		9FAAB64324949AC40045BF41 /* ConstantsManager.swift */ = {isa = PBXFileReference; lastKnownFileType = sourcecode.swift; path = ConstantsManager.swift; sourceTree = "<group>"; };
		9FAAB64824949D6D0045BF41 /* MockHeroesService.swift */ = {isa = PBXFileReference; lastKnownFileType = sourcecode.swift; path = MockHeroesService.swift; sourceTree = "<group>"; };
		9FAAB64D2494A5620045BF41 /* MockMainOutput.swift */ = {isa = PBXFileReference; lastKnownFileType = sourcecode.swift; path = MockMainOutput.swift; sourceTree = "<group>"; };
		9FAAB6512494A5D30045BF41 /* MainInteractorTest.swift */ = {isa = PBXFileReference; lastKnownFileType = sourcecode.swift; path = MainInteractorTest.swift; sourceTree = "<group>"; };
		9FD27CD22493BE8A005CEB9B /* RolesData.swift */ = {isa = PBXFileReference; lastKnownFileType = sourcecode.swift; path = RolesData.swift; sourceTree = "<group>"; };
		B25BBF52A19A0B89B19A1933 /* Pods_DotaHeroesTests.framework */ = {isa = PBXFileReference; explicitFileType = wrapper.framework; includeInIndex = 0; path = Pods_DotaHeroesTests.framework; sourceTree = BUILT_PRODUCTS_DIR; };
		B9A7337847739BF1A8D7CD6A /* Pods_DotaHeroes.framework */ = {isa = PBXFileReference; explicitFileType = wrapper.framework; includeInIndex = 0; path = Pods_DotaHeroes.framework; sourceTree = BUILT_PRODUCTS_DIR; };
		BEA3AFD79BA056731DF40B84 /* Pods-DotaHeroes.release.xcconfig */ = {isa = PBXFileReference; includeInIndex = 1; lastKnownFileType = text.xcconfig; name = "Pods-DotaHeroes.release.xcconfig"; path = "Target Support Files/Pods-DotaHeroes/Pods-DotaHeroes.release.xcconfig"; sourceTree = "<group>"; };
		D8C7F34D7B003D0688397E2A /* Pods-DotaHeroes.debug.xcconfig */ = {isa = PBXFileReference; includeInIndex = 1; lastKnownFileType = text.xcconfig; name = "Pods-DotaHeroes.debug.xcconfig"; path = "Target Support Files/Pods-DotaHeroes/Pods-DotaHeroes.debug.xcconfig"; sourceTree = "<group>"; };
		E744737EE07B48AD3FB8F603 /* Pods-DotaHeroesTests.debug.xcconfig */ = {isa = PBXFileReference; includeInIndex = 1; lastKnownFileType = text.xcconfig; name = "Pods-DotaHeroesTests.debug.xcconfig"; path = "Target Support Files/Pods-DotaHeroesTests/Pods-DotaHeroesTests.debug.xcconfig"; sourceTree = "<group>"; };
/* End PBXFileReference section */

/* Begin PBXFrameworksBuildPhase section */
		9F76AD442493502D009C4620 /* Frameworks */ = {
			isa = PBXFrameworksBuildPhase;
			buildActionMask = 2147483647;
			files = (
				79904F12632063F35B7C464A /* Pods_DotaHeroes.framework in Frameworks */,
			);
			runOnlyForDeploymentPostprocessing = 0;
		};
		9F76AD5D24935031009C4620 /* Frameworks */ = {
			isa = PBXFrameworksBuildPhase;
			buildActionMask = 2147483647;
			files = (
				E5B6D71D5E358B5AC540DDBD /* Pods_DotaHeroesTests.framework in Frameworks */,
			);
			runOnlyForDeploymentPostprocessing = 0;
		};
/* End PBXFrameworksBuildPhase section */

/* Begin PBXGroup section */
		7AE915381586BEBCDA633FCD /* Frameworks */ = {
			isa = PBXGroup;
			children = (
				B9A7337847739BF1A8D7CD6A /* Pods_DotaHeroes.framework */,
				B25BBF52A19A0B89B19A1933 /* Pods_DotaHeroesTests.framework */,
			);
			name = Frameworks;
			sourceTree = "<group>";
		};
		9F76AD3E2493502D009C4620 = {
			isa = PBXGroup;
			children = (
				9F76AD492493502D009C4620 /* DotaHeroes */,
				9F76AD6324935032009C4620 /* DotaHeroesTests */,
				9F76AD482493502D009C4620 /* Products */,
				DDE48EDEC74FC254DE5D0067 /* Pods */,
				7AE915381586BEBCDA633FCD /* Frameworks */,
			);
			sourceTree = "<group>";
		};
		9F76AD482493502D009C4620 /* Products */ = {
			isa = PBXGroup;
			children = (
				9F76AD472493502D009C4620 /* DotaHeroes.app */,
				9F76AD6024935031009C4620 /* DotaHeroesTests.xctest */,
			);
			name = Products;
			sourceTree = "<group>";
		};
		9F76AD492493502D009C4620 /* DotaHeroes */ = {
			isa = PBXGroup;
			children = (
				9F76AD4A2493502D009C4620 /* AppDelegate.swift */,
				9F76AD912493689D009C4620 /* MockData */,
				9F76AD8C24936782009C4620 /* Manager */,
				9FAAB640249499850045BF41 /* Service */,
				9F76AD732493586B009C4620 /* View */,
				9F76AD7424935872009C4620 /* Interactor */,
				9F76AD752493587C009C4620 /* Presenter */,
				9F76AD7624935883009C4620 /* Entity */,
				9F76AD772493588C009C4620 /* Router */,
				9F76AD5624935031009C4620 /* Assets.xcassets */,
				9F76AD5824935031009C4620 /* LaunchScreen.storyboard */,
				9F76AD5B24935031009C4620 /* Info.plist */,
			);
			path = DotaHeroes;
			sourceTree = "<group>";
		};
		9F76AD6324935032009C4620 /* DotaHeroesTests */ = {
			isa = PBXGroup;
			children = (
				9F76AD9424936A65009C4620 /* Mock */,
				9F76AD9824936B21009C4620 /* DatabaseTest.swift */,
				9FAAB6512494A5D30045BF41 /* MainInteractorTest.swift */,
				9F76AD6624935032009C4620 /* Info.plist */,
			);
			path = DotaHeroesTests;
			sourceTree = "<group>";
		};
		9F76AD732493586B009C4620 /* View */ = {
			isa = PBXGroup;
			children = (
				9F76AD78249358A2009C4620 /* MainViewController.swift */,
				9F76AD79249358A2009C4620 /* MainViewController.xib */,
				9F76AD7C249358AC009C4620 /* MainView.swift */,
			);
			path = View;
			sourceTree = "<group>";
		};
		9F76AD7424935872009C4620 /* Interactor */ = {
			isa = PBXGroup;
			children = (
				9F76AD7E249358BC009C4620 /* MainInteractorIO.swift */,
				9F76AD80249358C3009C4620 /* MainInteractor.swift */,
			);
			path = Interactor;
			sourceTree = "<group>";
		};
		9F76AD752493587C009C4620 /* Presenter */ = {
			isa = PBXGroup;
			children = (
				9F76AD82249358D5009C4620 /* MainEventHandler.swift */,
				9F76AD84249358DE009C4620 /* MainPresenter.swift */,
			);
			path = Presenter;
			sourceTree = "<group>";
		};
		9F76AD7624935883009C4620 /* Entity */ = {
			isa = PBXGroup;
			children = (
				9F76AD532493502D009C4620 /* DotaHeroes.xcdatamodeld */,
				9F76AD8D2493682F009C4620 /* Entity.swift */,
				9FD27CD12493BE40005CEB9B /* RolesData */,
				9F76AD9D24936D4C009C4620 /* HeroesData */,
			);
			path = Entity;
			sourceTree = "<group>";
		};
		9F76AD772493588C009C4620 /* Router */ = {
			isa = PBXGroup;
			children = (
				9F628B682494B7EB00590A21 /* Wireframe.swift */,
				9F76AD86249358E8009C4620 /* MainWireframe.swift */,
			);
			path = Router;
			sourceTree = "<group>";
		};
		9F76AD8C24936782009C4620 /* Manager */ = {
			isa = PBXGroup;
			children = (
				9F76AD8A2493677D009C4620 /* DatabaseManager.swift */,
				9FAAB63E249494E50045BF41 /* ServiceManager.swift */,
				9FAAB64324949AC40045BF41 /* ConstantsManager.swift */,
			);
			path = Manager;
			sourceTree = "<group>";
		};
		9F76AD912493689D009C4620 /* MockData */ = {
			isa = PBXGroup;
			children = (
				9F76AD92249368C2009C4620 /* Heroes.json */,
			);
			path = MockData;
			sourceTree = "<group>";
		};
		9F76AD9424936A65009C4620 /* Mock */ = {
			isa = PBXGroup;
			children = (
				9FAAB64C2494A5450045BF41 /* Output */,
				9FAAB64524949D460045BF41 /* Service */,
				9F76AD9524936A8A009C4620 /* Database */,
			);
			path = Mock;
			sourceTree = "<group>";
		};
		9F76AD9524936A8A009C4620 /* Database */ = {
			isa = PBXGroup;
			children = (
				9F76AD9624936A9B009C4620 /* MockPersistentContainer.swift */,
			);
			path = Database;
			sourceTree = "<group>";
		};
		9F76AD9D24936D4C009C4620 /* HeroesData */ = {
			isa = PBXGroup;
			children = (
				9F76AD9E24936D5D009C4620 /* HeroesData.swift */,
			);
			path = HeroesData;
			sourceTree = "<group>";
		};
		9FAAB640249499850045BF41 /* Service */ = {
			isa = PBXGroup;
			children = (
				9FAAB6412494999C0045BF41 /* HeroesService.swift */,
			);
			path = Service;
			sourceTree = "<group>";
		};
		9FAAB64524949D460045BF41 /* Service */ = {
			isa = PBXGroup;
			children = (
				9FAAB64824949D6D0045BF41 /* MockHeroesService.swift */,
			);
			path = Service;
			sourceTree = "<group>";
		};
		9FAAB64C2494A5450045BF41 /* Output */ = {
			isa = PBXGroup;
			children = (
				9FAAB64D2494A5620045BF41 /* MockMainOutput.swift */,
			);
			path = Output;
			sourceTree = "<group>";
		};
		9FD27CD12493BE40005CEB9B /* RolesData */ = {
			isa = PBXGroup;
			children = (
				9FD27CD22493BE8A005CEB9B /* RolesData.swift */,
			);
			path = RolesData;
			sourceTree = "<group>";
		};
		DDE48EDEC74FC254DE5D0067 /* Pods */ = {
			isa = PBXGroup;
			children = (
				D8C7F34D7B003D0688397E2A /* Pods-DotaHeroes.debug.xcconfig */,
				BEA3AFD79BA056731DF40B84 /* Pods-DotaHeroes.release.xcconfig */,
				E744737EE07B48AD3FB8F603 /* Pods-DotaHeroesTests.debug.xcconfig */,
				9975A6834D77E0AC7BDBAF36 /* Pods-DotaHeroesTests.release.xcconfig */,
			);
			path = Pods;
			sourceTree = "<group>";
		};
/* End PBXGroup section */

/* Begin PBXNativeTarget section */
		9F76AD462493502D009C4620 /* DotaHeroes */ = {
			isa = PBXNativeTarget;
			buildConfigurationList = 9F76AD6924935032009C4620 /* Build configuration list for PBXNativeTarget "DotaHeroes" */;
			buildPhases = (
				73E9D90E62F1E58F6BB7AF83 /* [CP] Check Pods Manifest.lock */,
				9F76AD432493502D009C4620 /* Sources */,
				9F76AD442493502D009C4620 /* Frameworks */,
				9F76AD452493502D009C4620 /* Resources */,
				9F76AD8824935D2F009C4620 /* Swift Lint Script */,
				0CF9237156F9694D9EAD3E7B /* [CP] Embed Pods Frameworks */,
			);
			buildRules = (
			);
			dependencies = (
			);
			name = DotaHeroes;
			productName = DotaHeroes;
			productReference = 9F76AD472493502D009C4620 /* DotaHeroes.app */;
			productType = "com.apple.product-type.application";
		};
		9F76AD5F24935031009C4620 /* DotaHeroesTests */ = {
			isa = PBXNativeTarget;
			buildConfigurationList = 9F76AD6C24935032009C4620 /* Build configuration list for PBXNativeTarget "DotaHeroesTests" */;
			buildPhases = (
				E6F1EB3A0F5D646A6D945254 /* [CP] Check Pods Manifest.lock */,
				9F76AD5C24935031009C4620 /* Sources */,
				9F76AD5D24935031009C4620 /* Frameworks */,
				9F76AD5E24935031009C4620 /* Resources */,
			);
			buildRules = (
			);
			dependencies = (
				9F76AD6224935031009C4620 /* PBXTargetDependency */,
			);
			name = DotaHeroesTests;
			productName = DotaHeroesTests;
			productReference = 9F76AD6024935031009C4620 /* DotaHeroesTests.xctest */;
			productType = "com.apple.product-type.bundle.unit-test";
		};
/* End PBXNativeTarget section */

/* Begin PBXProject section */
		9F76AD3F2493502D009C4620 /* Project object */ = {
			isa = PBXProject;
			attributes = {
				LastSwiftUpdateCheck = 1130;
				LastUpgradeCheck = 1130;
				ORGANIZATIONNAME = "Benedict Lukas";
				TargetAttributes = {
					9F76AD462493502D009C4620 = {
						CreatedOnToolsVersion = 11.3;
					};
					9F76AD5F24935031009C4620 = {
						CreatedOnToolsVersion = 11.3;
						TestTargetID = 9F76AD462493502D009C4620;
					};
				};
			};
			buildConfigurationList = 9F76AD422493502D009C4620 /* Build configuration list for PBXProject "DotaHeroes" */;
			compatibilityVersion = "Xcode 9.3";
			developmentRegion = en;
			hasScannedForEncodings = 0;
			knownRegions = (
				en,
				Base,
			);
			mainGroup = 9F76AD3E2493502D009C4620;
			productRefGroup = 9F76AD482493502D009C4620 /* Products */;
			projectDirPath = "";
			projectRoot = "";
			targets = (
				9F76AD462493502D009C4620 /* DotaHeroes */,
				9F76AD5F24935031009C4620 /* DotaHeroesTests */,
			);
		};
/* End PBXProject section */

/* Begin PBXResourcesBuildPhase section */
		9F76AD452493502D009C4620 /* Resources */ = {
			isa = PBXResourcesBuildPhase;
			buildActionMask = 2147483647;
			files = (
				9F76AD5A24935031009C4620 /* LaunchScreen.storyboard in Resources */,
				9F76AD93249368C2009C4620 /* Heroes.json in Resources */,
				9F76AD7B249358A2009C4620 /* MainViewController.xib in Resources */,
				9F76AD5724935031009C4620 /* Assets.xcassets in Resources */,
			);
			runOnlyForDeploymentPostprocessing = 0;
		};
		9F76AD5E24935031009C4620 /* Resources */ = {
			isa = PBXResourcesBuildPhase;
			buildActionMask = 2147483647;
			files = (
			);
			runOnlyForDeploymentPostprocessing = 0;
		};
/* End PBXResourcesBuildPhase section */

/* Begin PBXShellScriptBuildPhase section */
		0CF9237156F9694D9EAD3E7B /* [CP] Embed Pods Frameworks */ = {
			isa = PBXShellScriptBuildPhase;
			buildActionMask = 2147483647;
			files = (
			);
			inputFileListPaths = (
				"${PODS_ROOT}/Target Support Files/Pods-DotaHeroes/Pods-DotaHeroes-frameworks-${CONFIGURATION}-input-files.xcfilelist",
			);
			name = "[CP] Embed Pods Frameworks";
			outputFileListPaths = (
				"${PODS_ROOT}/Target Support Files/Pods-DotaHeroes/Pods-DotaHeroes-frameworks-${CONFIGURATION}-output-files.xcfilelist",
			);
			runOnlyForDeploymentPostprocessing = 0;
			shellPath = /bin/sh;
			shellScript = "\"${PODS_ROOT}/Target Support Files/Pods-DotaHeroes/Pods-DotaHeroes-frameworks.sh\"\n";
			showEnvVarsInLog = 0;
		};
		73E9D90E62F1E58F6BB7AF83 /* [CP] Check Pods Manifest.lock */ = {
			isa = PBXShellScriptBuildPhase;
			buildActionMask = 2147483647;
			files = (
			);
			inputFileListPaths = (
			);
			inputPaths = (
				"${PODS_PODFILE_DIR_PATH}/Podfile.lock",
				"${PODS_ROOT}/Manifest.lock",
			);
			name = "[CP] Check Pods Manifest.lock";
			outputFileListPaths = (
			);
			outputPaths = (
				"$(DERIVED_FILE_DIR)/Pods-DotaHeroes-checkManifestLockResult.txt",
			);
			runOnlyForDeploymentPostprocessing = 0;
			shellPath = /bin/sh;
			shellScript = "diff \"${PODS_PODFILE_DIR_PATH}/Podfile.lock\" \"${PODS_ROOT}/Manifest.lock\" > /dev/null\nif [ $? != 0 ] ; then\n    # print error to STDERR\n    echo \"error: The sandbox is not in sync with the Podfile.lock. Run 'pod install' or update your CocoaPods installation.\" >&2\n    exit 1\nfi\n# This output is used by Xcode 'outputs' to avoid re-running this script phase.\necho \"SUCCESS\" > \"${SCRIPT_OUTPUT_FILE_0}\"\n";
			showEnvVarsInLog = 0;
		};
		9F76AD8824935D2F009C4620 /* Swift Lint Script */ = {
			isa = PBXShellScriptBuildPhase;
			buildActionMask = 2147483647;
			files = (
			);
			inputFileListPaths = (
			);
			inputPaths = (
			);
			name = "Swift Lint Script";
			outputFileListPaths = (
			);
			outputPaths = (
			);
			runOnlyForDeploymentPostprocessing = 0;
			shellPath = /bin/sh;
			shellScript = "if which swiftlint >/dev/null; then\n  swiftlint\nelse\n  echo \"warning: SwiftLint not installed, download from https://github.com/realm/SwiftLint\"\nfi\n";
		};
		E6F1EB3A0F5D646A6D945254 /* [CP] Check Pods Manifest.lock */ = {
			isa = PBXShellScriptBuildPhase;
			buildActionMask = 2147483647;
			files = (
			);
			inputFileListPaths = (
			);
			inputPaths = (
				"${PODS_PODFILE_DIR_PATH}/Podfile.lock",
				"${PODS_ROOT}/Manifest.lock",
			);
			name = "[CP] Check Pods Manifest.lock";
			outputFileListPaths = (
			);
			outputPaths = (
				"$(DERIVED_FILE_DIR)/Pods-DotaHeroesTests-checkManifestLockResult.txt",
			);
			runOnlyForDeploymentPostprocessing = 0;
			shellPath = /bin/sh;
			shellScript = "diff \"${PODS_PODFILE_DIR_PATH}/Podfile.lock\" \"${PODS_ROOT}/Manifest.lock\" > /dev/null\nif [ $? != 0 ] ; then\n    # print error to STDERR\n    echo \"error: The sandbox is not in sync with the Podfile.lock. Run 'pod install' or update your CocoaPods installation.\" >&2\n    exit 1\nfi\n# This output is used by Xcode 'outputs' to avoid re-running this script phase.\necho \"SUCCESS\" > \"${SCRIPT_OUTPUT_FILE_0}\"\n";
			showEnvVarsInLog = 0;
		};
/* End PBXShellScriptBuildPhase section */

/* Begin PBXSourcesBuildPhase section */
		9F76AD432493502D009C4620 /* Sources */ = {
			isa = PBXSourcesBuildPhase;
			buildActionMask = 2147483647;
			files = (
				9F628B692494B7EB00590A21 /* Wireframe.swift in Sources */,
				9F76AD7A249358A2009C4620 /* MainViewController.swift in Sources */,
				9F76AD83249358D5009C4620 /* MainEventHandler.swift in Sources */,
				9F76AD8B2493677D009C4620 /* DatabaseManager.swift in Sources */,
				9F76AD7F249358BC009C4620 /* MainInteractorIO.swift in Sources */,
				9F76AD87249358E8009C4620 /* MainWireframe.swift in Sources */,
				9FAAB63F249494E50045BF41 /* ServiceManager.swift in Sources */,
				9F76AD9F24936D5D009C4620 /* HeroesData.swift in Sources */,
				9F76AD85249358DE009C4620 /* MainPresenter.swift in Sources */,
				9FAAB6422494999C0045BF41 /* HeroesService.swift in Sources */,
				9FAAB64424949AC40045BF41 /* ConstantsManager.swift in Sources */,
				9F76AD7D249358AC009C4620 /* MainView.swift in Sources */,
				9F76AD8E2493682F009C4620 /* Entity.swift in Sources */,
				9F76AD552493502D009C4620 /* DotaHeroes.xcdatamodeld in Sources */,
				9FD27CD32493BE8A005CEB9B /* RolesData.swift in Sources */,
				9F76AD4B2493502D009C4620 /* AppDelegate.swift in Sources */,
				9F76AD81249358C3009C4620 /* MainInteractor.swift in Sources */,
			);
			runOnlyForDeploymentPostprocessing = 0;
		};
		9F76AD5C24935031009C4620 /* Sources */ = {
			isa = PBXSourcesBuildPhase;
			buildActionMask = 2147483647;
			files = (
				9FAAB64924949D6D0045BF41 /* MockHeroesService.swift in Sources */,
				9F76AD9724936A9C009C4620 /* MockPersistentContainer.swift in Sources */,
				9F76AD9924936B21009C4620 /* DatabaseTest.swift in Sources */,
				9FAAB6522494A5D30045BF41 /* MainInteractorTest.swift in Sources */,
				9FAAB64E2494A5620045BF41 /* MockMainOutput.swift in Sources */,
			);
			runOnlyForDeploymentPostprocessing = 0;
		};
/* End PBXSourcesBuildPhase section */

/* Begin PBXTargetDependency section */
		9F76AD6224935031009C4620 /* PBXTargetDependency */ = {
			isa = PBXTargetDependency;
			target = 9F76AD462493502D009C4620 /* DotaHeroes */;
			targetProxy = 9F76AD6124935031009C4620 /* PBXContainerItemProxy */;
		};
/* End PBXTargetDependency section */

/* Begin PBXVariantGroup section */
		9F76AD5824935031009C4620 /* LaunchScreen.storyboard */ = {
			isa = PBXVariantGroup;
			children = (
				9F76AD5924935031009C4620 /* Base */,
			);
			name = LaunchScreen.storyboard;
			sourceTree = "<group>";
		};
/* End PBXVariantGroup section */

/* Begin XCBuildConfiguration section */
		9F76AD6724935032009C4620 /* Debug */ = {
			isa = XCBuildConfiguration;
			buildSettings = {
				ALWAYS_SEARCH_USER_PATHS = NO;
				CLANG_ANALYZER_NONNULL = YES;
				CLANG_ANALYZER_NUMBER_OBJECT_CONVERSION = YES_AGGRESSIVE;
				CLANG_CXX_LANGUAGE_STANDARD = "gnu++14";
				CLANG_CXX_LIBRARY = "libc++";
				CLANG_ENABLE_MODULES = YES;
				CLANG_ENABLE_OBJC_ARC = YES;
				CLANG_ENABLE_OBJC_WEAK = YES;
				CLANG_WARN_BLOCK_CAPTURE_AUTORELEASING = YES;
				CLANG_WARN_BOOL_CONVERSION = YES;
				CLANG_WARN_COMMA = YES;
				CLANG_WARN_CONSTANT_CONVERSION = YES;
				CLANG_WARN_DEPRECATED_OBJC_IMPLEMENTATIONS = YES;
				CLANG_WARN_DIRECT_OBJC_ISA_USAGE = YES_ERROR;
				CLANG_WARN_DOCUMENTATION_COMMENTS = YES;
				CLANG_WARN_EMPTY_BODY = YES;
				CLANG_WARN_ENUM_CONVERSION = YES;
				CLANG_WARN_INFINITE_RECURSION = YES;
				CLANG_WARN_INT_CONVERSION = YES;
				CLANG_WARN_NON_LITERAL_NULL_CONVERSION = YES;
				CLANG_WARN_OBJC_IMPLICIT_RETAIN_SELF = YES;
				CLANG_WARN_OBJC_LITERAL_CONVERSION = YES;
				CLANG_WARN_OBJC_ROOT_CLASS = YES_ERROR;
				CLANG_WARN_RANGE_LOOP_ANALYSIS = YES;
				CLANG_WARN_STRICT_PROTOTYPES = YES;
				CLANG_WARN_SUSPICIOUS_MOVE = YES;
				CLANG_WARN_UNGUARDED_AVAILABILITY = YES_AGGRESSIVE;
				CLANG_WARN_UNREACHABLE_CODE = YES;
				CLANG_WARN__DUPLICATE_METHOD_MATCH = YES;
				COPY_PHASE_STRIP = NO;
				DEBUG_INFORMATION_FORMAT = dwarf;
				ENABLE_STRICT_OBJC_MSGSEND = YES;
				ENABLE_TESTABILITY = YES;
				GCC_C_LANGUAGE_STANDARD = gnu11;
				GCC_DYNAMIC_NO_PIC = NO;
				GCC_NO_COMMON_BLOCKS = YES;
				GCC_OPTIMIZATION_LEVEL = 0;
				GCC_PREPROCESSOR_DEFINITIONS = (
					"DEBUG=1",
					"$(inherited)",
				);
				GCC_WARN_64_TO_32_BIT_CONVERSION = YES;
				GCC_WARN_ABOUT_RETURN_TYPE = YES_ERROR;
				GCC_WARN_UNDECLARED_SELECTOR = YES;
				GCC_WARN_UNINITIALIZED_AUTOS = YES_AGGRESSIVE;
				GCC_WARN_UNUSED_FUNCTION = YES;
				GCC_WARN_UNUSED_VARIABLE = YES;
				IPHONEOS_DEPLOYMENT_TARGET = 13.2;
				MTL_ENABLE_DEBUG_INFO = INCLUDE_SOURCE;
				MTL_FAST_MATH = YES;
				ONLY_ACTIVE_ARCH = YES;
				SDKROOT = iphoneos;
				SWIFT_ACTIVE_COMPILATION_CONDITIONS = DEBUG;
				SWIFT_OPTIMIZATION_LEVEL = "-Onone";
			};
			name = Debug;
		};
		9F76AD6824935032009C4620 /* Release */ = {
			isa = XCBuildConfiguration;
			buildSettings = {
				ALWAYS_SEARCH_USER_PATHS = NO;
				CLANG_ANALYZER_NONNULL = YES;
				CLANG_ANALYZER_NUMBER_OBJECT_CONVERSION = YES_AGGRESSIVE;
				CLANG_CXX_LANGUAGE_STANDARD = "gnu++14";
				CLANG_CXX_LIBRARY = "libc++";
				CLANG_ENABLE_MODULES = YES;
				CLANG_ENABLE_OBJC_ARC = YES;
				CLANG_ENABLE_OBJC_WEAK = YES;
				CLANG_WARN_BLOCK_CAPTURE_AUTORELEASING = YES;
				CLANG_WARN_BOOL_CONVERSION = YES;
				CLANG_WARN_COMMA = YES;
				CLANG_WARN_CONSTANT_CONVERSION = YES;
				CLANG_WARN_DEPRECATED_OBJC_IMPLEMENTATIONS = YES;
				CLANG_WARN_DIRECT_OBJC_ISA_USAGE = YES_ERROR;
				CLANG_WARN_DOCUMENTATION_COMMENTS = YES;
				CLANG_WARN_EMPTY_BODY = YES;
				CLANG_WARN_ENUM_CONVERSION = YES;
				CLANG_WARN_INFINITE_RECURSION = YES;
				CLANG_WARN_INT_CONVERSION = YES;
				CLANG_WARN_NON_LITERAL_NULL_CONVERSION = YES;
				CLANG_WARN_OBJC_IMPLICIT_RETAIN_SELF = YES;
				CLANG_WARN_OBJC_LITERAL_CONVERSION = YES;
				CLANG_WARN_OBJC_ROOT_CLASS = YES_ERROR;
				CLANG_WARN_RANGE_LOOP_ANALYSIS = YES;
				CLANG_WARN_STRICT_PROTOTYPES = YES;
				CLANG_WARN_SUSPICIOUS_MOVE = YES;
				CLANG_WARN_UNGUARDED_AVAILABILITY = YES_AGGRESSIVE;
				CLANG_WARN_UNREACHABLE_CODE = YES;
				CLANG_WARN__DUPLICATE_METHOD_MATCH = YES;
				COPY_PHASE_STRIP = NO;
				DEBUG_INFORMATION_FORMAT = "dwarf-with-dsym";
				ENABLE_NS_ASSERTIONS = NO;
				ENABLE_STRICT_OBJC_MSGSEND = YES;
				GCC_C_LANGUAGE_STANDARD = gnu11;
				GCC_NO_COMMON_BLOCKS = YES;
				GCC_WARN_64_TO_32_BIT_CONVERSION = YES;
				GCC_WARN_ABOUT_RETURN_TYPE = YES_ERROR;
				GCC_WARN_UNDECLARED_SELECTOR = YES;
				GCC_WARN_UNINITIALIZED_AUTOS = YES_AGGRESSIVE;
				GCC_WARN_UNUSED_FUNCTION = YES;
				GCC_WARN_UNUSED_VARIABLE = YES;
				IPHONEOS_DEPLOYMENT_TARGET = 13.2;
				MTL_ENABLE_DEBUG_INFO = NO;
				MTL_FAST_MATH = YES;
				SDKROOT = iphoneos;
				SWIFT_COMPILATION_MODE = wholemodule;
				SWIFT_OPTIMIZATION_LEVEL = "-O";
				VALIDATE_PRODUCT = YES;
			};
			name = Release;
		};
		9F76AD6A24935032009C4620 /* Debug */ = {
			isa = XCBuildConfiguration;
			baseConfigurationReference = D8C7F34D7B003D0688397E2A /* Pods-DotaHeroes.debug.xcconfig */;
			buildSettings = {
				ASSETCATALOG_COMPILER_APPICON_NAME = AppIcon;
				CODE_SIGN_STYLE = Automatic;
				DEVELOPMENT_TEAM = VP8557FQ4V;
				INFOPLIST_FILE = DotaHeroes/Info.plist;
				LD_RUNPATH_SEARCH_PATHS = (
					"$(inherited)",
					"@executable_path/Frameworks",
				);
				PRODUCT_BUNDLE_IDENTIFIER = com.dotalist.DotaHeroes;
				PRODUCT_NAME = "$(TARGET_NAME)";
				SWIFT_VERSION = 5.0;
				TARGETED_DEVICE_FAMILY = "1,2";
			};
			name = Debug;
		};
		9F76AD6B24935032009C4620 /* Release */ = {
			isa = XCBuildConfiguration;
			baseConfigurationReference = BEA3AFD79BA056731DF40B84 /* Pods-DotaHeroes.release.xcconfig */;
			buildSettings = {
				ASSETCATALOG_COMPILER_APPICON_NAME = AppIcon;
				CODE_SIGN_STYLE = Automatic;
				DEVELOPMENT_TEAM = VP8557FQ4V;
				INFOPLIST_FILE = DotaHeroes/Info.plist;
				LD_RUNPATH_SEARCH_PATHS = (
					"$(inherited)",
					"@executable_path/Frameworks",
				);
				PRODUCT_BUNDLE_IDENTIFIER = com.dotalist.DotaHeroes;
				PRODUCT_NAME = "$(TARGET_NAME)";
				SWIFT_VERSION = 5.0;
				TARGETED_DEVICE_FAMILY = "1,2";
			};
			name = Release;
		};
		9F76AD6D24935032009C4620 /* Debug */ = {
			isa = XCBuildConfiguration;
			baseConfigurationReference = E744737EE07B48AD3FB8F603 /* Pods-DotaHeroesTests.debug.xcconfig */;
			buildSettings = {
				ALWAYS_EMBED_SWIFT_STANDARD_LIBRARIES = YES;
				BUNDLE_LOADER = "$(TEST_HOST)";
				CODE_SIGN_STYLE = Automatic;
				DEVELOPMENT_TEAM = VP8557FQ4V;
				INFOPLIST_FILE = DotaHeroesTests/Info.plist;
				IPHONEOS_DEPLOYMENT_TARGET = 13.2;
				LD_RUNPATH_SEARCH_PATHS = (
					"$(inherited)",
					"@executable_path/Frameworks",
					"@loader_path/Frameworks",
				);
				PRODUCT_BUNDLE_IDENTIFIER = com.dotalist.DotaHeroesTests;
				PRODUCT_NAME = "$(TARGET_NAME)";
				SWIFT_VERSION = 5.0;
				TARGETED_DEVICE_FAMILY = "1,2";
				TEST_HOST = "$(BUILT_PRODUCTS_DIR)/DotaHeroes.app/DotaHeroes";
			};
			name = Debug;
		};
		9F76AD6E24935032009C4620 /* Release */ = {
			isa = XCBuildConfiguration;
			baseConfigurationReference = 9975A6834D77E0AC7BDBAF36 /* Pods-DotaHeroesTests.release.xcconfig */;
			buildSettings = {
				ALWAYS_EMBED_SWIFT_STANDARD_LIBRARIES = YES;
				BUNDLE_LOADER = "$(TEST_HOST)";
				CODE_SIGN_STYLE = Automatic;
				DEVELOPMENT_TEAM = VP8557FQ4V;
				INFOPLIST_FILE = DotaHeroesTests/Info.plist;
				IPHONEOS_DEPLOYMENT_TARGET = 13.2;
				LD_RUNPATH_SEARCH_PATHS = (
					"$(inherited)",
					"@executable_path/Frameworks",
					"@loader_path/Frameworks",
				);
				PRODUCT_BUNDLE_IDENTIFIER = com.dotalist.DotaHeroesTests;
				PRODUCT_NAME = "$(TARGET_NAME)";
				SWIFT_VERSION = 5.0;
				TARGETED_DEVICE_FAMILY = "1,2";
				TEST_HOST = "$(BUILT_PRODUCTS_DIR)/DotaHeroes.app/DotaHeroes";
			};
			name = Release;
		};
/* End XCBuildConfiguration section */

/* Begin XCConfigurationList section */
		9F76AD422493502D009C4620 /* Build configuration list for PBXProject "DotaHeroes" */ = {
			isa = XCConfigurationList;
			buildConfigurations = (
				9F76AD6724935032009C4620 /* Debug */,
				9F76AD6824935032009C4620 /* Release */,
			);
			defaultConfigurationIsVisible = 0;
			defaultConfigurationName = Release;
		};
		9F76AD6924935032009C4620 /* Build configuration list for PBXNativeTarget "DotaHeroes" */ = {
			isa = XCConfigurationList;
			buildConfigurations = (
				9F76AD6A24935032009C4620 /* Debug */,
				9F76AD6B24935032009C4620 /* Release */,
			);
			defaultConfigurationIsVisible = 0;
			defaultConfigurationName = Release;
		};
		9F76AD6C24935032009C4620 /* Build configuration list for PBXNativeTarget "DotaHeroesTests" */ = {
			isa = XCConfigurationList;
			buildConfigurations = (
				9F76AD6D24935032009C4620 /* Debug */,
				9F76AD6E24935032009C4620 /* Release */,
			);
			defaultConfigurationIsVisible = 0;
			defaultConfigurationName = Release;
		};
/* End XCConfigurationList section */

/* Begin XCVersionGroup section */
		9F76AD532493502D009C4620 /* DotaHeroes.xcdatamodeld */ = {
			isa = XCVersionGroup;
			children = (
				9F76AD542493502D009C4620 /* DotaHeroes.xcdatamodel */,
			);
			currentVersion = 9F76AD542493502D009C4620 /* DotaHeroes.xcdatamodel */;
			path = DotaHeroes.xcdatamodeld;
			sourceTree = "<group>";
			versionGroupType = wrapper.xcdatamodel;
		};
/* End XCVersionGroup section */
	};
	rootObject = 9F76AD3F2493502D009C4620 /* Project object */;
}
